
Microsoft Visual Studio Solution File, Format Version 12.00
# Visual Studio 14
VisualStudioVersion = 14.0.23107.0
MinimumVisualStudioVersion = 10.0.40219.1
Project("{FAE04EC0-301F-11D3-BF4B-00C04F79EFBC}") = "ProyectoWeb2", "ProyectoWeb2\ProyectoWeb2.csproj", "{5DD84D8E-F595-46A8-B4AC-FAA63AA0EF0D}"
EndProject
Project("{FAE04EC0-301F-11D3-BF4B-00C04F79EFBC}") = "model", "model\model.csproj", "{5FB4B4B7-CDD3-4B15-89A5-8522B5561709}"
EndProject
Global
	GlobalSection(SolutionConfigurationPlatforms) = preSolution
		Debug|Any CPU = Debug|Any CPU
		Release|Any CPU = Release|Any CPU
	EndGlobalSection
	GlobalSection(ProjectConfigurationPlatforms) = postSolution
		{5DD84D8E-F595-46A8-B4AC-FAA63AA0EF0D}.Debug|Any CPU.ActiveCfg = Debug|Any CPU
		{5DD84D8E-F595-46A8-B4AC-FAA63AA0EF0D}.Debug|Any CPU.Build.0 = Debug|Any CPU
		{5DD84D8E-F595-46A8-B4AC-FAA63AA0EF0D}.Release|Any CPU.ActiveCfg = Release|Any CPU
		{5DD84D8E-F595-46A8-B4AC-FAA63AA0EF0D}.Release|Any CPU.Build.0 = Release|Any CPU
		{5FB4B4B7-CDD3-4B15-89A5-8522B5561709}.Debug|Any CPU.ActiveCfg = Debug|Any CPU
		{5FB4B4B7-CDD3-4B15-89A5-8522B5561709}.Debug|Any CPU.Build.0 = Debug|Any CPU
		{5FB4B4B7-CDD3-4B15-89A5-8522B5561709}.Release|Any CPU.ActiveCfg = Release|Any CPU
		{5FB4B4B7-CDD3-4B15-89A5-8522B5561709}.Release|Any CPU.Build.0 = Release|Any CPU
	EndGlobalSection
	GlobalSection(SolutionProperties) = preSolution
		HideSolutionNode = FALSE
	EndGlobalSection
EndGlobal
